// !$*UTF8*$!
{
	archiveVersion = 1;
	classes = {
	};
	objectVersion = 50;
	objects = {

/* Begin PBXBuildFile section */
		18A17DF020EE14C00036D55D /* AppDelegate.swift in Sources */ = {isa = PBXBuildFile; fileRef = 18A17DEF20EE14C00036D55D /* AppDelegate.swift */; };
		18A17DF220EE14C00036D55D /* ViewController.swift in Sources */ = {isa = PBXBuildFile; fileRef = 18A17DF120EE14C00036D55D /* ViewController.swift */; };
		18A17DF720EE14D60036D55D /* Assets.xcassets in Resources */ = {isa = PBXBuildFile; fileRef = 18A17DF620EE14D60036D55D /* Assets.xcassets */; };
		18A17DFA20EE14D60036D55D /* LaunchScreen.storyboard in Resources */ = {isa = PBXBuildFile; fileRef = 18A17DF820EE14D60036D55D /* LaunchScreen.storyboard */; };
		18A17E0220EE15650036D55D /* PreviewLayer.swift in Sources */ = {isa = PBXBuildFile; fileRef = 18A17E0120EE15650036D55D /* PreviewLayer.swift */; };
		18A17E0420EE2A2C0036D55D /* CameraController.swift in Sources */ = {isa = PBXBuildFile; fileRef = 18A17E0320EE2A2C0036D55D /* CameraController.swift */; };
		18A17E0620EE37AC0036D55D /* FaceDetect.swift in Sources */ = {isa = PBXBuildFile; fileRef = 18A17E0520EE37AC0036D55D /* FaceDetect.swift */; };
/* End PBXBuildFile section */

/* Begin PBXFileReference section */
		18A17DEC20EE14C00036D55D /* Project-ObjectDetection.app */ = {isa = PBXFileReference; explicitFileType = wrapper.application; includeInIndex = 0; path = "Project-ObjectDetection.app"; sourceTree = BUILT_PRODUCTS_DIR; };
		18A17DEF20EE14C00036D55D /* AppDelegate.swift */ = {isa = PBXFileReference; lastKnownFileType = sourcecode.swift; path = AppDelegate.swift; sourceTree = "<group>"; };
		18A17DF120EE14C00036D55D /* ViewController.swift */ = {isa = PBXFileReference; lastKnownFileType = sourcecode.swift; path = ViewController.swift; sourceTree = "<group>"; };
		18A17DF620EE14D60036D55D /* Assets.xcassets */ = {isa = PBXFileReference; lastKnownFileType = folder.assetcatalog; path = Assets.xcassets; sourceTree = "<group>"; };
		18A17DF920EE14D60036D55D /* Base */ = {isa = PBXFileReference; lastKnownFileType = file.storyboard; name = Base; path = Base.lproj/LaunchScreen.storyboard; sourceTree = "<group>"; };
		18A17DFB20EE14D60036D55D /* Info.plist */ = {isa = PBXFileReference; lastKnownFileType = text.plist.xml; path = Info.plist; sourceTree = "<group>"; };
		18A17E0120EE15650036D55D /* PreviewLayer.swift */ = {isa = PBXFileReference; lastKnownFileType = sourcecode.swift; path = PreviewLayer.swift; sourceTree = "<group>"; };
		18A17E0320EE2A2C0036D55D /* CameraController.swift */ = {isa = PBXFileReference; lastKnownFileType = sourcecode.swift; path = CameraController.swift; sourceTree = "<group>"; };
		18A17E0520EE37AC0036D55D /* FaceDetect.swift */ = {isa = PBXFileReference; lastKnownFileType = sourcecode.swift; path = FaceDetect.swift; sourceTree = "<group>"; };
/* End PBXFileReference section */

/* Begin PBXFrameworksBuildPhase section */
		18A17DE920EE14C00036D55D /* Frameworks */ = {
			isa = PBXFrameworksBuildPhase;
			buildActionMask = 2147483647;
			files = (
			);
			runOnlyForDeploymentPostprocessing = 0;
		};
/* End PBXFrameworksBuildPhase section */

/* Begin PBXGroup section */
		18A17DE320EE14C00036D55D = {
			isa = PBXGroup;
			children = (
				18A17DEE20EE14C00036D55D /* Project-ObjectDetection */,
				18A17DED20EE14C00036D55D /* Products */,
			);
			sourceTree = "<group>";
		};
		18A17DED20EE14C00036D55D /* Products */ = {
			isa = PBXGroup;
			children = (
				18A17DEC20EE14C00036D55D /* Project-ObjectDetection.app */,
			);
			name = Products;
			sourceTree = "<group>";
		};
		18A17DEE20EE14C00036D55D /* Project-ObjectDetection */ = {
			isa = PBXGroup;
			children = (
				18A17DEF20EE14C00036D55D /* AppDelegate.swift */,
				18A17DF120EE14C00036D55D /* ViewController.swift */,
				18A17E0720EE37F60036D55D /* Detector */,
				18A17DF620EE14D60036D55D /* Assets.xcassets */,
				18A17DF820EE14D60036D55D /* LaunchScreen.storyboard */,
				18A17DFB20EE14D60036D55D /* Info.plist */,
			);
			path = "Project-ObjectDetection";
			sourceTree = "<group>";
		};
		18A17E0720EE37F60036D55D /* Detector */ = {
			isa = PBXGroup;
			children = (
				18A17E0320EE2A2C0036D55D /* CameraController.swift */,
				18A17E0520EE37AC0036D55D /* FaceDetect.swift */,
				18A17E0120EE15650036D55D /* PreviewLayer.swift */,
			);
			path = Detector;
			sourceTree = "<group>";
		};
/* End PBXGroup section */

/* Begin PBXNativeTarget section */
		18A17DEB20EE14C00036D55D /* Project-ObjectDetection */ = {
			isa = PBXNativeTarget;
			buildConfigurationList = 18A17DFE20EE14D60036D55D /* Build configuration list for PBXNativeTarget "Project-ObjectDetection" */;
			buildPhases = (
				18A17DE820EE14C00036D55D /* Sources */,
				18A17DE920EE14C00036D55D /* Frameworks */,
				18A17DEA20EE14C00036D55D /* Resources */,
			);
			buildRules = (
			);
			dependencies = (
			);
			name = "Project-ObjectDetection";
			productName = "Project-ObjectDetection";
			productReference = 18A17DEC20EE14C00036D55D /* Project-ObjectDetection.app */;
			productType = "com.apple.product-type.application";
		};
/* End PBXNativeTarget section */

/* Begin PBXProject section */
		18A17DE420EE14C00036D55D /* Project object */ = {
			isa = PBXProject;
			attributes = {
				LastSwiftUpdateCheck = 0940;
				LastUpgradeCheck = 0940;
				ORGANIZATIONNAME = Genisys;
				TargetAttributes = {
					18A17DEB20EE14C00036D55D = {
						CreatedOnToolsVersion = 9.4;
					};
				};
			};
			buildConfigurationList = 18A17DE720EE14C00036D55D /* Build configuration list for PBXProject "Project-ObjectDetection" */;
			compatibilityVersion = "Xcode 9.3";
			developmentRegion = en;
			hasScannedForEncodings = 0;
			knownRegions = (
				en,
				Base,
			);
			mainGroup = 18A17DE320EE14C00036D55D;
			productRefGroup = 18A17DED20EE14C00036D55D /* Products */;
			projectDirPath = "";
			projectRoot = "";
			targets = (
				18A17DEB20EE14C00036D55D /* Project-ObjectDetection */,
			);
		};
/* End PBXProject section */

/* Begin PBXResourcesBuildPhase section */
		18A17DEA20EE14C00036D55D /* Resources */ = {
			isa = PBXResourcesBuildPhase;
			buildActionMask = 2147483647;
			files = (
				18A17DFA20EE14D60036D55D /* LaunchScreen.storyboard in Resources */,
				18A17DF720EE14D60036D55D /* Assets.xcassets in Resources */,
			);
			runOnlyForDeploymentPostprocessing = 0;
		};
/* End PBXResourcesBuildPhase section */

/* Begin PBXSourcesBuildPhase section */
		18A17DE820EE14C00036D55D /* Sources */ = {
			isa = PBXSourcesBuildPhase;
			buildActionMask = 2147483647;
			files = (
				18A17DF220EE14C00036D55D /* ViewController.swift in Sources */,
				18A17DF020EE14C00036D55D /* AppDelegate.swift in Sources */,
				18A17E0420EE2A2C0036D55D /* CameraController.swift in Sources */,
				18A17E0220EE15650036D55D /* PreviewLayer.swift in Sources */,
				18A17E0620EE37AC0036D55D /* FaceDetect.swift in Sources */,
			);
			runOnlyForDeploymentPostprocessing = 0;
		};
/* End PBXSourcesBuildPhase section */

/* Begin PBXVariantGroup section */
		18A17DF820EE14D60036D55D /* LaunchScreen.storyboard */ = {
			isa = PBXVariantGroup;
			children = (
				18A17DF920EE14D60036D55D /* Base */,
			);
			name = LaunchScreen.storyboard;
			sourceTree = "<group>";
		};
/* End PBXVariantGroup section */

/* Begin XCBuildConfiguration section */
		18A17DFC20EE14D60036D55D /* Debug */ = {
			isa = XCBuildConfiguration;
			buildSettings = {
				ALWAYS_SEARCH_USER_PATHS = NO;
				CLANG_ANALYZER_NONNULL = YES;
				CLANG_ANALYZER_NUMBER_OBJECT_CONVERSION = YES_AGGRESSIVE;
				CLANG_CXX_LANGUAGE_STANDARD = "gnu++14";
				CLANG_CXX_LIBRARY = "libc++";
				CLANG_ENABLE_MODULES = YES;
				CLANG_ENABLE_OBJC_ARC = YES;
				CLANG_ENABLE_OBJC_WEAK = YES;
				CLANG_WARN_BLOCK_CAPTURE_AUTORELEASING = YES;
				CLANG_WARN_BOOL_CONVERSION = YES;
				CLANG_WARN_COMMA = YES;
				CLANG_WARN_CONSTANT_CONVERSION = YES;
				CLANG_WARN_DEPRECATED_OBJC_IMPLEMENTATIONS = YES;
				CLANG_WARN_DIRECT_OBJC_ISA_USAGE = YES_ERROR;
				CLANG_WARN_DOCUMENTATION_COMMENTS = YES;
				CLANG_WARN_EMPTY_BODY = YES;
				CLANG_WARN_ENUM_CONVERSION = YES;
				CLANG_WARN_INFINITE_RECURSION = YES;
				CLANG_WARN_INT_CONVERSION = YES;
				CLANG_WARN_NON_LITERAL_NULL_CONVERSION = YES;
				CLANG_WARN_OBJC_IMPLICIT_RETAIN_SELF = YES;
				CLANG_WARN_OBJC_LITERAL_CONVERSION = YES;
				CLANG_WARN_OBJC_ROOT_CLASS = YES_ERROR;
				CLANG_WARN_RANGE_LOOP_ANALYSIS = YES;
				CLANG_WARN_STRICT_PROTOTYPES = YES;
				CLANG_WARN_SUSPICIOUS_MOVE = YES;
				CLANG_WARN_UNGUARDED_AVAILABILITY = YES_AGGRESSIVE;
				CLANG_WARN_UNREACHABLE_CODE = YES;
				CLANG_WARN__DUPLICATE_METHOD_MATCH = YES;
				CODE_SIGN_IDENTITY = "iPhone Developer";
				COPY_PHASE_STRIP = NO;
				DEBUG_INFORMATION_FORMAT = dwarf;
				ENABLE_STRICT_OBJC_MSGSEND = YES;
				ENABLE_TESTABILITY = YES;
				GCC_C_LANGUAGE_STANDARD = gnu11;
				GCC_DYNAMIC_NO_PIC = NO;
				GCC_NO_COMMON_BLOCKS = YES;
				GCC_OPTIMIZATION_LEVEL = 0;
				GCC_PREPROCESSOR_DEFINITIONS = (
					"DEBUG=1",
					"$(inherited)",
				);
				GCC_WARN_64_TO_32_BIT_CONVERSION = YES;
				GCC_WARN_ABOUT_RETURN_TYPE = YES_ERROR;
				GCC_WARN_UNDECLARED_SELECTOR = YES;
				GCC_WARN_UNINITIALIZED_AUTOS = YES_AGGRESSIVE;
				GCC_WARN_UNUSED_FUNCTION = YES;
				GCC_WARN_UNUSED_VARIABLE = YES;
				IPHONEOS_DEPLOYMENT_TARGET = 11.4;
				MTL_ENABLE_DEBUG_INFO = YES;
				ONLY_ACTIVE_ARCH = YES;
				SDKROOT = iphoneos;
				SWIFT_ACTIVE_COMPILATION_CONDITIONS = DEBUG;
				SWIFT_OPTIMIZATION_LEVEL = "-Onone";
			};
			name = Debug;
		};
		18A17DFD20EE14D60036D55D /* Release */ = {
			isa = XCBuildConfiguration;
			buildSettings = {
				ALWAYS_SEARCH_USER_PATHS = NO;
				CLANG_ANALYZER_NONNULL = YES;
				CLANG_ANALYZER_NUMBER_OBJECT_CONVERSION = YES_AGGRESSIVE;
				CLANG_CXX_LANGUAGE_STANDARD = "gnu++14";
				CLANG_CXX_LIBRARY = "libc++";
				CLANG_ENABLE_MODULES = YES;
				CLANG_ENABLE_OBJC_ARC = YES;
				CLANG_ENABLE_OBJC_WEAK = YES;
				CLANG_WARN_BLOCK_CAPTURE_AUTORELEASING = YES;
				CLANG_WARN_BOOL_CONVERSION = YES;
				CLANG_WARN_COMMA = YES;
				CLANG_WARN_CONSTANT_CONVERSION = YES;
				CLANG_WARN_DEPRECATED_OBJC_IMPLEMENTATIONS = YES;
				CLANG_WARN_DIRECT_OBJC_ISA_USAGE = YES_ERROR;
				CLANG_WARN_DOCUMENTATION_COMMENTS = YES;
				CLANG_WARN_EMPTY_BODY = YES;
				CLANG_WARN_ENUM_CONVERSION = YES;
				CLANG_WARN_INFINITE_RECURSION = YES;
				CLANG_WARN_INT_CONVERSION = YES;
				CLANG_WARN_NON_LITERAL_NULL_CONVERSION = YES;
				CLANG_WARN_OBJC_IMPLICIT_RETAIN_SELF = YES;
				CLANG_WARN_OBJC_LITERAL_CONVERSION = YES;
				CLANG_WARN_OBJC_ROOT_CLASS = YES_ERROR;
				CLANG_WARN_RANGE_LOOP_ANALYSIS = YES;
				CLANG_WARN_STRICT_PROTOTYPES = YES;
				CLANG_WARN_SUSPICIOUS_MOVE = YES;
				CLANG_WARN_UNGUARDED_AVAILABILITY = YES_AGGRESSIVE;
				CLANG_WARN_UNREACHABLE_CODE = YES;
				CLANG_WARN__DUPLICATE_METHOD_MATCH = YES;
				CODE_SIGN_IDENTITY = "iPhone Developer";
				COPY_PHASE_STRIP = NO;
				DEBUG_INFORMATION_FORMAT = "dwarf-with-dsym";
				ENABLE_NS_ASSERTIONS = NO;
				ENABLE_STRICT_OBJC_MSGSEND = YES;
				GCC_C_LANGUAGE_STANDARD = gnu11;
				GCC_NO_COMMON_BLOCKS = YES;
				GCC_WARN_64_TO_32_BIT_CONVERSION = YES;
				GCC_WARN_ABOUT_RETURN_TYPE = YES_ERROR;
				GCC_WARN_UNDECLARED_SELECTOR = YES;
				GCC_WARN_UNINITIALIZED_AUTOS = YES_AGGRESSIVE;
				GCC_WARN_UNUSED_FUNCTION = YES;
				GCC_WARN_UNUSED_VARIABLE = YES;
				IPHONEOS_DEPLOYMENT_TARGET = 11.4;
				MTL_ENABLE_DEBUG_INFO = NO;
				SDKROOT = iphoneos;
				SWIFT_COMPILATION_MODE = wholemodule;
				SWIFT_OPTIMIZATION_LEVEL = "-O";
				VALIDATE_PRODUCT = YES;
			};
			name = Release;
		};
		18A17DFF20EE14D60036D55D /* Debug */ = {
			isa = XCBuildConfiguration;
			buildSettings = {
				ASSETCATALOG_COMPILER_APPICON_NAME = AppIcon;
				CODE_SIGN_STYLE = Automatic;
				DEVELOPMENT_TEAM = F6998RP55G;
				INFOPLIST_FILE = "Project-ObjectDetection/Info.plist";
				LD_RUNPATH_SEARCH_PATHS = (
					"$(inherited)",
					"@executable_path/Frameworks",
				);
				PRODUCT_BUNDLE_IDENTIFIER = "com.Genisys.Project-ObjectDetection";
				PRODUCT_NAME = "$(TARGET_NAME)";
				SWIFT_VERSION = 4.0;
				TARGETED_DEVICE_FAMILY = "1,2";
			};
			name = Debug;
		};
		18A17E0020EE14D60036D55D /* Release */ = {
			isa = XCBuildConfiguration;
			buildSettings = {
				ASSETCATALOG_COMPILER_APPICON_NAME = AppIcon;
				CODE_SIGN_STYLE = Automatic;
				DEVELOPMENT_TEAM = F6998RP55G;
				INFOPLIST_FILE = "Project-ObjectDetection/Info.plist";
				LD_RUNPATH_SEARCH_PATHS = (
					"$(inherited)",
					"@executable_path/Frameworks",
				);
				PRODUCT_BUNDLE_IDENTIFIER = "com.Genisys.Project-ObjectDetection";
				PRODUCT_NAME = "$(TARGET_NAME)";
				SWIFT_VERSION = 4.0;
				TARGETED_DEVICE_FAMILY = "1,2";
			};
			name = Release;
		};
/* End XCBuildConfiguration section */

/* Begin XCConfigurationList section */
		18A17DE720EE14C00036D55D /* Build configuration list for PBXProject "Project-ObjectDetection" */ = {
			isa = XCConfigurationList;
			buildConfigurations = (
				18A17DFC20EE14D60036D55D /* Debug */,
				18A17DFD20EE14D60036D55D /* Release */,
			);
			defaultConfigurationIsVisible = 0;
			defaultConfigurationName = Release;
		};
		18A17DFE20EE14D60036D55D /* Build configuration list for PBXNativeTarget "Project-ObjectDetection" */ = {
			isa = XCConfigurationList;
			buildConfigurations = (
				18A17DFF20EE14D60036D55D /* Debug */,
				18A17E0020EE14D60036D55D /* Release */,
			);
			defaultConfigurationIsVisible = 0;
			defaultConfigurationName = Release;
		};
/* End XCConfigurationList section */
	};
	rootObject = 18A17DE420EE14C00036D55D /* Project object */;
}
